// !$*UTF8*$!
{
	archiveVersion = 1;
	classes = {
	};
	objectVersion = 46;
	objects = {

/* Begin PBXBuildFile section */
		F57354111D69668000EA004F /* main.m in Sources */ = {isa = PBXBuildFile; fileRef = F57354101D69668000EA004F /* main.m */; };
		F57354141D69668000EA004F /* AppDelegate.m in Sources */ = {isa = PBXBuildFile; fileRef = F57354131D69668000EA004F /* AppDelegate.m */; };
		F57354171D69668300EA004F /* ViewController.m in Sources */ = {isa = PBXBuildFile; fileRef = F57354161D69668300EA004F /* ViewController.m */; };
		F573541A1D69668300EA004F /* Main.storyboard in Resources */ = {isa = PBXBuildFile; fileRef = F57354181D69668300EA004F /* Main.storyboard */; };
		F573541C1D69668400EA004F /* Assets.xcassets in Resources */ = {isa = PBXBuildFile; fileRef = F573541B1D69668400EA004F /* Assets.xcassets */; };
		F573541F1D69668500EA004F /* LaunchScreen.storyboard in Resources */ = {isa = PBXBuildFile; fileRef = F573541D1D69668500EA004F /* LaunchScreen.storyboard */; };
		F57354281D6967A600EA004F /* HSKCustomMenu.m in Sources */ = {isa = PBXBuildFile; fileRef = F57354271D6967A600EA004F /* HSKCustomMenu.m */; };
/* End PBXBuildFile section */

/* Begin PBXFileReference section */
		F573540C1D69668000EA004F /* HSKCustomMenu.app */ = {isa = PBXFileReference; explicitFileType = wrapper.application; includeInIndex = 0; path = HSKCustomMenu.app; sourceTree = BUILT_PRODUCTS_DIR; };
		F57354101D69668000EA004F /* main.m */ = {isa = PBXFileReference; lastKnownFileType = sourcecode.c.objc; path = main.m; sourceTree = "<group>"; };
		F57354121D69668000EA004F /* AppDelegate.h */ = {isa = PBXFileReference; lastKnownFileType = sourcecode.c.h; path = AppDelegate.h; sourceTree = "<group>"; };
		F57354131D69668000EA004F /* AppDelegate.m */ = {isa = PBXFileReference; lastKnownFileType = sourcecode.c.objc; path = AppDelegate.m; sourceTree = "<group>"; };
		F57354151D69668300EA004F /* ViewController.h */ = {isa = PBXFileReference; lastKnownFileType = sourcecode.c.h; path = ViewController.h; sourceTree = "<group>"; };
		F57354161D69668300EA004F /* ViewController.m */ = {isa = PBXFileReference; lastKnownFileType = sourcecode.c.objc; path = ViewController.m; sourceTree = "<group>"; };
		F57354191D69668300EA004F /* Base */ = {isa = PBXFileReference; lastKnownFileType = file.storyboard; name = Base; path = Base.lproj/Main.storyboard; sourceTree = "<group>"; };
		F573541B1D69668400EA004F /* Assets.xcassets */ = {isa = PBXFileReference; lastKnownFileType = folder.assetcatalog; path = Assets.xcassets; sourceTree = "<group>"; };
		F573541E1D69668500EA004F /* Base */ = {isa = PBXFileReference; lastKnownFileType = file.storyboard; name = Base; path = Base.lproj/LaunchScreen.storyboard; sourceTree = "<group>"; };
		F57354201D69668500EA004F /* Info.plist */ = {isa = PBXFileReference; lastKnownFileType = text.plist.xml; path = Info.plist; sourceTree = "<group>"; };
		F57354261D6967A600EA004F /* HSKCustomMenu.h */ = {isa = PBXFileReference; fileEncoding = 4; lastKnownFileType = sourcecode.c.h; path = HSKCustomMenu.h; sourceTree = "<group>"; };
		F57354271D6967A600EA004F /* HSKCustomMenu.m */ = {isa = PBXFileReference; fileEncoding = 4; lastKnownFileType = sourcecode.c.objc; path = HSKCustomMenu.m; sourceTree = "<group>"; };
/* End PBXFileReference section */

/* Begin PBXFrameworksBuildPhase section */
		F57354091D69667F00EA004F /* Frameworks */ = {
			isa = PBXFrameworksBuildPhase;
			buildActionMask = 2147483647;
			files = (
			);
			runOnlyForDeploymentPostprocessing = 0;
		};
/* End PBXFrameworksBuildPhase section */

/* Begin PBXGroup section */
		F57354031D69667E00EA004F = {
			isa = PBXGroup;
			children = (
				F573540E1D69668000EA004F /* HSKCustomMenu */,
				F573540D1D69668000EA004F /* Products */,
			);
			sourceTree = "<group>";
		};
		F573540D1D69668000EA004F /* Products */ = {
			isa = PBXGroup;
			children = (
				F573540C1D69668000EA004F /* HSKCustomMenu.app */,
			);
			name = Products;
			sourceTree = "<group>";
		};
		F573540E1D69668000EA004F /* HSKCustomMenu */ = {
			isa = PBXGroup;
			children = (
				F57354261D6967A600EA004F /* HSKCustomMenu.h */,
				F57354271D6967A600EA004F /* HSKCustomMenu.m */,
				F57354121D69668000EA004F /* AppDelegate.h */,
				F57354131D69668000EA004F /* AppDelegate.m */,
				F57354151D69668300EA004F /* ViewController.h */,
				F57354161D69668300EA004F /* ViewController.m */,
				F57354181D69668300EA004F /* Main.storyboard */,
				F573541B1D69668400EA004F /* Assets.xcassets */,
				F573541D1D69668500EA004F /* LaunchScreen.storyboard */,
				F57354201D69668500EA004F /* Info.plist */,
				F573540F1D69668000EA004F /* Supporting Files */,
			);
			path = HSKCustomMenu;
			sourceTree = "<group>";
		};
		F573540F1D69668000EA004F /* Supporting Files */ = {
			isa = PBXGroup;
			children = (
				F57354101D69668000EA004F /* main.m */,
			);
			name = "Supporting Files";
			sourceTree = "<group>";
		};
/* End PBXGroup section */

/* Begin PBXNativeTarget section */
		F573540B1D69667F00EA004F /* HSKCustomMenu */ = {
			isa = PBXNativeTarget;
			buildConfigurationList = F57354231D69668500EA004F /* Build configuration list for PBXNativeTarget "HSKCustomMenu" */;
			buildPhases = (
				F57354081D69667F00EA004F /* Sources */,
				F57354091D69667F00EA004F /* Frameworks */,
				F573540A1D69667F00EA004F /* Resources */,
			);
			buildRules = (
			);
			dependencies = (
			);
			name = HSKCustomMenu;
			productName = HSKCustomMenu;
			productReference = F573540C1D69668000EA004F /* HSKCustomMenu.app */;
			productType = "com.apple.product-type.application";
		};
/* End PBXNativeTarget section */

/* Begin PBXProject section */
		F57354041D69667E00EA004F /* Project object */ = {
			isa = PBXProject;
			attributes = {
				LastUpgradeCheck = 0730;
				ORGANIZATIONNAME = "侯森魁";
				TargetAttributes = {
					F573540B1D69667F00EA004F = {
						CreatedOnToolsVersion = 7.3;
					};
				};
			};
			buildConfigurationList = F57354071D69667E00EA004F /* Build configuration list for PBXProject "HSKCustomMenu" */;
			compatibilityVersion = "Xcode 3.2";
			developmentRegion = English;
			hasScannedForEncodings = 0;
			knownRegions = (
				en,
				Base,
			);
			mainGroup = F57354031D69667E00EA004F;
			productRefGroup = F573540D1D69668000EA004F /* Products */;
			projectDirPath = "";
			projectRoot = "";
			targets = (
				F573540B1D69667F00EA004F /* HSKCustomMenu */,
			);
		};
/* End PBXProject section */

/* Begin PBXResourcesBuildPhase section */
		F573540A1D69667F00EA004F /* Resources */ = {
			isa = PBXResourcesBuildPhase;
			buildActionMask = 2147483647;
			files = (
				F573541F1D69668500EA004F /* LaunchScreen.storyboard in Resources */,
				F573541C1D69668400EA004F /* Assets.xcassets in Resources */,
				F573541A1D69668300EA004F /* Main.storyboard in Resources */,
			);
			runOnlyForDeploymentPostprocessing = 0;
		};
/* End PBXResourcesBuildPhase section */

/* Begin PBXSourcesBuildPhase section */
		F57354081D69667F00EA004F /* Sources */ = {
			isa = PBXSourcesBuildPhase;
			buildActionMask = 2147483647;
			files = (
				F57354281D6967A600EA004F /* HSKCustomMenu.m in Sources */,
				F57354171D69668300EA004F /* ViewController.m in Sources */,
				F57354141D69668000EA004F /* AppDelegate.m in Sources */,
				F57354111D69668000EA004F /* main.m in Sources */,
			);
			runOnlyForDeploymentPostprocessing = 0;
		};
/* End PBXSourcesBuildPhase section */

/* Begin PBXVariantGroup section */
		F57354181D69668300EA004F /* Main.storyboard */ = {
			isa = PBXVariantGroup;
			children = (
				F57354191D69668300EA004F /* Base */,
			);
			name = Main.storyboard;
			sourceTree = "<group>";
		};
		F573541D1D69668500EA004F /* LaunchScreen.storyboard */ = {
			isa = PBXVariantGroup;
			children = (
				F573541E1D69668500EA004F /* Base */,
			);
			name = LaunchScreen.storyboard;
			sourceTree = "<group>";
		};
/* End PBXVariantGroup section */

/* Begin XCBuildConfiguration section */
		F57354211D69668500EA004F /* Debug */ = {
			isa = XCBuildConfiguration;
			buildSettings = {
				ALWAYS_SEARCH_USER_PATHS = NO;
				CLANG_ANALYZER_NONNULL = YES;
				CLANG_CXX_LANGUAGE_STANDARD = "gnu++0x";
				CLANG_CXX_LIBRARY = "libc++";
				CLANG_ENABLE_MODULES = YES;
				CLANG_ENABLE_OBJC_ARC = YES;
				CLANG_WARN_BOOL_CONVERSION = YES;
				CLANG_WARN_CONSTANT_CONVERSION = YES;
				CLANG_WARN_DIRECT_OBJC_ISA_USAGE = YES_ERROR;
				CLANG_WARN_EMPTY_BODY = YES;
				CLANG_WARN_ENUM_CONVERSION = YES;
				CLANG_WARN_INT_CONVERSION = YES;
				CLANG_WARN_OBJC_ROOT_CLASS = YES_ERROR;
				CLANG_WARN_UNREACHABLE_CODE = YES;
				CLANG_WARN__DUPLICATE_METHOD_MATCH = YES;
				"CODE_SIGN_IDENTITY[sdk=iphoneos*]" = "iPhone Developer";
				COPY_PHASE_STRIP = NO;
				DEBUG_INFORMATION_FORMAT = dwarf;
				ENABLE_STRICT_OBJC_MSGSEND = YES;
				ENABLE_TESTABILITY = YES;
				GCC_C_LANGUAGE_STANDARD = gnu99;
				GCC_DYNAMIC_NO_PIC = NO;
				GCC_NO_COMMON_BLOCKS = YES;
				GCC_OPTIMIZATION_LEVEL = 0;
				GCC_PREPROCESSOR_DEFINITIONS = (
					"DEBUG=1",
					"$(inherited)",
				);
				GCC_WARN_64_TO_32_BIT_CONVERSION = YES;
				GCC_WARN_ABOUT_RETURN_TYPE = YES_ERROR;
				GCC_WARN_UNDECLARED_SELECTOR = YES;
				GCC_WARN_UNINITIALIZED_AUTOS = YES_AGGRESSIVE;
				GCC_WARN_UNUSED_FUNCTION = YES;
				GCC_WARN_UNUSED_VARIABLE = YES;
				IPHONEOS_DEPLOYMENT_TARGET = 9.3;
				MTL_ENABLE_DEBUG_INFO = YES;
				ONLY_ACTIVE_ARCH = YES;
				SDKROOT = iphoneos;
				TARGETED_DEVICE_FAMILY = "1,2";
			};
			name = Debug;
		};
		F57354221D69668500EA004F /* Release */ = {
			isa = XCBuildConfiguration;
			buildSettings = {
				ALWAYS_SEARCH_USER_PATHS = NO;
				CLANG_ANALYZER_NONNULL = YES;
				CLANG_CXX_LANGUAGE_STANDARD = "gnu++0x";
				CLANG_CXX_LIBRARY = "libc++";
				CLANG_ENABLE_MODULES = YES;
				CLANG_ENABLE_OBJC_ARC = YES;
				CLANG_WARN_BOOL_CONVERSION = YES;
				CLANG_WARN_CONSTANT_CONVERSION = YES;
				CLANG_WARN_DIRECT_OBJC_ISA_USAGE = YES_ERROR;
				CLANG_WARN_EMPTY_BODY = YES;
				CLANG_WARN_ENUM_CONVERSION = YES;
				CLANG_WARN_INT_CONVERSION = YES;
				CLANG_WARN_OBJC_ROOT_CLASS = YES_ERROR;
				CLANG_WARN_UNREACHABLE_CODE = YES;
				CLANG_WARN__DUPLICATE_METHOD_MATCH = YES;
				"CODE_SIGN_IDENTITY[sdk=iphoneos*]" = "iPhone Developer";
				COPY_PHASE_STRIP = NO;
				DEBUG_INFORMATION_FORMAT = "dwarf-with-dsym";
				ENABLE_NS_ASSERTIONS = NO;
				ENABLE_STRICT_OBJC_MSGSEND = YES;
				GCC_C_LANGUAGE_STANDARD = gnu99;
				GCC_NO_COMMON_BLOCKS = YES;
				GCC_WARN_64_TO_32_BIT_CONVERSION = YES;
				GCC_WARN_ABOUT_RETURN_TYPE = YES_ERROR;
				GCC_WARN_UNDECLARED_SELECTOR = YES;
				GCC_WARN_UNINITIALIZED_AUTOS = YES_AGGRESSIVE;
				GCC_WARN_UNUSED_FUNCTION = YES;
				GCC_WARN_UNUSED_VARIABLE = YES;
				IPHONEOS_DEPLOYMENT_TARGET = 9.3;
				MTL_ENABLE_DEBUG_INFO = NO;
				SDKROOT = iphoneos;
				TARGETED_DEVICE_FAMILY = "1,2";
				VALIDATE_PRODUCT = YES;
			};
			name = Release;
		};
		F57354241D69668500EA004F /* Debug */ = {
			isa = XCBuildConfiguration;
			buildSettings = {
				ASSETCATALOG_COMPILER_APPICON_NAME = AppIcon;
				INFOPLIST_FILE = HSKCustomMenu/Info.plist;
				LD_RUNPATH_SEARCH_PATHS = "$(inherited) @executable_path/Frameworks";
				PRODUCT_BUNDLE_IDENTIFIER = YItong.HSKCustomMenu;
				PRODUCT_NAME = "$(TARGET_NAME)";
			};
			name = Debug;
		};
		F57354251D69668500EA004F /* Release */ = {
			isa = XCBuildConfiguration;
			buildSettings = {
				ASSETCATALOG_COMPILER_APPICON_NAME = AppIcon;
				INFOPLIST_FILE = HSKCustomMenu/Info.plist;
				LD_RUNPATH_SEARCH_PATHS = "$(inherited) @executable_path/Frameworks";
				PRODUCT_BUNDLE_IDENTIFIER = YItong.HSKCustomMenu;
				PRODUCT_NAME = "$(TARGET_NAME)";
			};
			name = Release;
		};
/* End XCBuildConfiguration section */

/* Begin XCConfigurationList section */
		F57354071D69667E00EA004F /* Build configuration list for PBXProject "HSKCustomMenu" */ = {
			isa = XCConfigurationList;
			buildConfigurations = (
				F57354211D69668500EA004F /* Debug */,
				F57354221D69668500EA004F /* Release */,
			);
			defaultConfigurationIsVisible = 0;
			defaultConfigurationName = Release;
		};
		F57354231D69668500EA004F /* Build configuration list for PBXNativeTarget "HSKCustomMenu" */ = {
			isa = XCConfigurationList;
			buildConfigurations = (
				F57354241D69668500EA004F /* Debug */,
				F57354251D69668500EA004F /* Release */,
			);
			defaultConfigurationIsVisible = 0;
		};
/* End XCConfigurationList section */
	};
	rootObject = F57354041D69667E00EA004F /* Project object */;
}
